
Microsoft Visual Studio Solution File, Format Version 12.00
# Visual Studio Version 17
VisualStudioVersion = 17.14.36301.6 d17.14
MinimumVisualStudioVersion = 10.0.40219.1
Project("{FAE04EC0-301F-11D3-BF4B-00C04F79EFBC}") = "SalesWebMvc", "SalesWebMvc\SalesWebMvc.csproj", "{B3B06E0E-8B04-4D61-9341-78DFF74CA9A9}"
EndProject
Global
	GlobalSection(SolutionConfigurationPlatforms) = preSolution
		Debug|Any CPU = Debug|Any CPU
		Release|Any CPU = Release|Any CPU
	EndGlobalSection
	GlobalSection(ProjectConfigurationPlatforms) = postSolution
		{B3B06E0E-8B04-4D61-9341-78DFF74CA9A9}.Debug|Any CPU.ActiveCfg = Debug|Any CPU
		{B3B06E0E-8B04-4D61-9341-78DFF74CA9A9}.Debug|Any CPU.Build.0 = Debug|Any CPU
		{B3B06E0E-8B04-4D61-9341-78DFF74CA9A9}.Release|Any CPU.ActiveCfg = Release|Any CPU
		{B3B06E0E-8B04-4D61-9341-78DFF74CA9A9}.Release|Any CPU.Build.0 = Release|Any CPU
	EndGlobalSection
	GlobalSection(SolutionProperties) = preSolution
		HideSolutionNode = FALSE
	EndGlobalSection
	GlobalSection(ExtensibilityGlobals) = postSolution
		SolutionGuid = {57F1C37E-F744-43F2-BA85-EE4F13D5D6AB}
	EndGlobalSection
EndGlobal
